
Microsoft Visual Studio Solution File, Format Version 12.00
# Visual Studio 14
VisualStudioVersion = 14.0.25420.1
MinimumVisualStudioVersion = 10.0.40219.1
Project("{FAE04EC0-301F-11D3-BF4B-00C04F79EFBC}") = "Kantor.Droid", "Kantor\Kantor.Droid\Kantor.Droid.csproj", "{504FE4B2-2D7B-44FF-B331-ACBF35E96DED}"
EndProject
Project("{FAE04EC0-301F-11D3-BF4B-00C04F79EFBC}") = "Kantor.iOS", "Kantor\Kantor.iOS\Kantor.iOS.csproj", "{4DB7669E-D7A3-42D1-9829-2D85A38A65FC}"
EndProject
Project("{FAE04EC0-301F-11D3-BF4B-00C04F79EFBC}") = "Kantor.WinPhone", "Kantor\Kantor.WinPhone\Kantor.WinPhone.csproj", "{304E47B0-225B-4E9E-9913-45A3C7645EE0}"
EndProject
Project("{FAE04EC0-301F-11D3-BF4B-00C04F79EFBC}") = "Kantor.UWP", "Kantor\Kantor.UWP\Kantor.UWP.csproj", "{052D8891-D6C6-4333-B8A1-C73B93936B33}"
EndProject
Project("{FAE04EC0-301F-11D3-BF4B-00C04F79EFBC}") = "Kantor.Windows", "Kantor\Kantor.Windows\Kantor.Windows.csproj", "{DA4963DF-A599-47E8-BEDC-374D702E6CF8}"
EndProject
Project("{D954291E-2A0B-460D-934E-DC6B0785DB48}") = "Kantor", "Kantor\Kantor\Kantor.shproj", "{BB8FCB93-FB9E-4A10-B9EA-39A7DA41FC50}"
EndProject
Global
	GlobalSection(SharedMSBuildProjectFiles) = preSolution
		Kantor\Kantor\Kantor.projitems*{bb8fcb93-fb9e-4a10-b9ea-39a7da41fc50}*SharedItemsImports = 13
	EndGlobalSection
	GlobalSection(SolutionConfigurationPlatforms) = preSolution
		Ad-Hoc|Any CPU = Ad-Hoc|Any CPU
		Ad-Hoc|ARM = Ad-Hoc|ARM
		Ad-Hoc|iPhone = Ad-Hoc|iPhone
		Ad-Hoc|iPhoneSimulator = Ad-Hoc|iPhoneSimulator
		Ad-Hoc|x64 = Ad-Hoc|x64
		Ad-Hoc|x86 = Ad-Hoc|x86
		AppStore|Any CPU = AppStore|Any CPU
		AppStore|ARM = AppStore|ARM
		AppStore|iPhone = AppStore|iPhone
		AppStore|iPhoneSimulator = AppStore|iPhoneSimulator
		AppStore|x64 = AppStore|x64
		AppStore|x86 = AppStore|x86
		Debug|Any CPU = Debug|Any CPU
		Debug|ARM = Debug|ARM
		Debug|iPhone = Debug|iPhone
		Debug|iPhoneSimulator = Debug|iPhoneSimulator
		Debug|x64 = Debug|x64
		Debug|x86 = Debug|x86
		Release|Any CPU = Release|Any CPU
		Release|ARM = Release|ARM
		Release|iPhone = Release|iPhone
		Release|iPhoneSimulator = Release|iPhoneSimulator
		Release|x64 = Release|x64
		Release|x86 = Release|x86
	EndGlobalSection
	GlobalSection(ProjectConfigurationPlatforms) = postSolution
		{504FE4B2-2D7B-44FF-B331-ACBF35E96DED}.Ad-Hoc|Any CPU.ActiveCfg = Release|Any CPU
		{504FE4B2-2D7B-44FF-B331-ACBF35E96DED}.Ad-Hoc|Any CPU.Build.0 = Release|Any CPU
		{504FE4B2-2D7B-44FF-B331-ACBF35E96DED}.Ad-Hoc|Any CPU.Deploy.0 = Release|Any CPU
		{504FE4B2-2D7B-44FF-B331-ACBF35E96DED}.Ad-Hoc|ARM.ActiveCfg = Release|Any CPU
		{504FE4B2-2D7B-44FF-B331-ACBF35E96DED}.Ad-Hoc|ARM.Build.0 = Release|Any CPU
		{504FE4B2-2D7B-44FF-B331-ACBF35E96DED}.Ad-Hoc|ARM.Deploy.0 = Release|Any CPU
		{504FE4B2-2D7B-44FF-B331-ACBF35E96DED}.Ad-Hoc|iPhone.ActiveCfg = Release|Any CPU
		{504FE4B2-2D7B-44FF-B331-ACBF35E96DED}.Ad-Hoc|iPhone.Build.0 = Release|Any CPU
		{504FE4B2-2D7B-44FF-B331-ACBF35E96DED}.Ad-Hoc|iPhone.Deploy.0 = Release|Any CPU
		{504FE4B2-2D7B-44FF-B331-ACBF35E96DED}.Ad-Hoc|iPhoneSimulator.ActiveCfg = Release|Any CPU
		{504FE4B2-2D7B-44FF-B331-ACBF35E96DED}.Ad-Hoc|iPhoneSimulator.Build.0 = Release|Any CPU
		{504FE4B2-2D7B-44FF-B331-ACBF35E96DED}.Ad-Hoc|iPhoneSimulator.Deploy.0 = Release|Any CPU
		{504FE4B2-2D7B-44FF-B331-ACBF35E96DED}.Ad-Hoc|x64.ActiveCfg = Release|Any CPU
		{504FE4B2-2D7B-44FF-B331-ACBF35E96DED}.Ad-Hoc|x64.Build.0 = Release|Any CPU
		{504FE4B2-2D7B-44FF-B331-ACBF35E96DED}.Ad-Hoc|x64.Deploy.0 = Release|Any CPU
		{504FE4B2-2D7B-44FF-B331-ACBF35E96DED}.Ad-Hoc|x86.ActiveCfg = Release|Any CPU
		{504FE4B2-2D7B-44FF-B331-ACBF35E96DED}.Ad-Hoc|x86.Build.0 = Release|Any CPU
		{504FE4B2-2D7B-44FF-B331-ACBF35E96DED}.Ad-Hoc|x86.Deploy.0 = Release|Any CPU
		{504FE4B2-2D7B-44FF-B331-ACBF35E96DED}.AppStore|Any CPU.ActiveCfg = Release|Any CPU
		{504FE4B2-2D7B-44FF-B331-ACBF35E96DED}.AppStore|Any CPU.Build.0 = Release|Any CPU
		{504FE4B2-2D7B-44FF-B331-ACBF35E96DED}.AppStore|Any CPU.Deploy.0 = Release|Any CPU
		{504FE4B2-2D7B-44FF-B331-ACBF35E96DED}.AppStore|ARM.ActiveCfg = Release|Any CPU
		{504FE4B2-2D7B-44FF-B331-ACBF35E96DED}.AppStore|ARM.Build.0 = Release|Any CPU
		{504FE4B2-2D7B-44FF-B331-ACBF35E96DED}.AppStore|ARM.Deploy.0 = Release|Any CPU
		{504FE4B2-2D7B-44FF-B331-ACBF35E96DED}.AppStore|iPhone.ActiveCfg = Release|Any CPU
		{504FE4B2-2D7B-44FF-B331-ACBF35E96DED}.AppStore|iPhone.Build.0 = Release|Any CPU
		{504FE4B2-2D7B-44FF-B331-ACBF35E96DED}.AppStore|iPhone.Deploy.0 = Release|Any CPU
		{504FE4B2-2D7B-44FF-B331-ACBF35E96DED}.AppStore|iPhoneSimulator.ActiveCfg = Release|Any CPU
		{504FE4B2-2D7B-44FF-B331-ACBF35E96DED}.AppStore|iPhoneSimulator.Build.0 = Release|Any CPU
		{504FE4B2-2D7B-44FF-B331-ACBF35E96DED}.AppStore|iPhoneSimulator.Deploy.0 = Release|Any CPU
		{504FE4B2-2D7B-44FF-B331-ACBF35E96DED}.AppStore|x64.ActiveCfg = Release|Any CPU
		{504FE4B2-2D7B-44FF-B331-ACBF35E96DED}.AppStore|x64.Build.0 = Release|Any CPU
		{504FE4B2-2D7B-44FF-B331-ACBF35E96DED}.AppStore|x64.Deploy.0 = Release|Any CPU
		{504FE4B2-2D7B-44FF-B331-ACBF35E96DED}.AppStore|x86.ActiveCfg = Release|Any CPU
		{504FE4B2-2D7B-44FF-B331-ACBF35E96DED}.AppStore|x86.Build.0 = Release|Any CPU
		{504FE4B2-2D7B-44FF-B331-ACBF35E96DED}.AppStore|x86.Deploy.0 = Release|Any CPU
		{504FE4B2-2D7B-44FF-B331-ACBF35E96DED}.Debug|Any CPU.ActiveCfg = Debug|Any CPU
		{504FE4B2-2D7B-44FF-B331-ACBF35E96DED}.Debug|Any CPU.Build.0 = Debug|Any CPU
		{504FE4B2-2D7B-44FF-B331-ACBF35E96DED}.Debug|Any CPU.Deploy.0 = Debug|Any CPU
		{504FE4B2-2D7B-44FF-B331-ACBF35E96DED}.Debug|ARM.ActiveCfg = Debug|Any CPU
		{504FE4B2-2D7B-44FF-B331-ACBF35E96DED}.Debug|ARM.Build.0 = Debug|Any CPU
		{504FE4B2-2D7B-44FF-B331-ACBF35E96DED}.Debug|ARM.Deploy.0 = Debug|Any CPU
		{504FE4B2-2D7B-44FF-B331-ACBF35E96DED}.Debug|iPhone.ActiveCfg = Debug|Any CPU
		{504FE4B2-2D7B-44FF-B331-ACBF35E96DED}.Debug|iPhone.Build.0 = Debug|Any CPU
		{504FE4B2-2D7B-44FF-B331-ACBF35E96DED}.Debug|iPhone.Deploy.0 = Debug|Any CPU
		{504FE4B2-2D7B-44FF-B331-ACBF35E96DED}.Debug|iPhoneSimulator.ActiveCfg = Debug|Any CPU
		{504FE4B2-2D7B-44FF-B331-ACBF35E96DED}.Debug|iPhoneSimulator.Build.0 = Debug|Any CPU
		{504FE4B2-2D7B-44FF-B331-ACBF35E96DED}.Debug|iPhoneSimulator.Deploy.0 = Debug|Any CPU
		{504FE4B2-2D7B-44FF-B331-ACBF35E96DED}.Debug|x64.ActiveCfg = Debug|Any CPU
		{504FE4B2-2D7B-44FF-B331-ACBF35E96DED}.Debug|x64.Build.0 = Debug|Any CPU
		{504FE4B2-2D7B-44FF-B331-ACBF35E96DED}.Debug|x64.Deploy.0 = Debug|Any CPU
		{504FE4B2-2D7B-44FF-B331-ACBF35E96DED}.Debug|x86.ActiveCfg = Debug|Any CPU
		{504FE4B2-2D7B-44FF-B331-ACBF35E96DED}.Debug|x86.Build.0 = Debug|Any CPU
		{504FE4B2-2D7B-44FF-B331-ACBF35E96DED}.Debug|x86.Deploy.0 = Debug|Any CPU
		{504FE4B2-2D7B-44FF-B331-ACBF35E96DED}.Release|Any CPU.ActiveCfg = Release|Any CPU
		{504FE4B2-2D7B-44FF-B331-ACBF35E96DED}.Release|Any CPU.Build.0 = Release|Any CPU
		{504FE4B2-2D7B-44FF-B331-ACBF35E96DED}.Release|Any CPU.Deploy.0 = Release|Any CPU
		{504FE4B2-2D7B-44FF-B331-ACBF35E96DED}.Release|ARM.ActiveCfg = Release|Any CPU
		{504FE4B2-2D7B-44FF-B331-ACBF35E96DED}.Release|ARM.Build.0 = Release|Any CPU
		{504FE4B2-2D7B-44FF-B331-ACBF35E96DED}.Release|ARM.Deploy.0 = Release|Any CPU
		{504FE4B2-2D7B-44FF-B331-ACBF35E96DED}.Release|iPhone.ActiveCfg = Release|Any CPU
		{504FE4B2-2D7B-44FF-B331-ACBF35E96DED}.Release|iPhone.Build.0 = Release|Any CPU
		{504FE4B2-2D7B-44FF-B331-ACBF35E96DED}.Release|iPhone.Deploy.0 = Release|Any CPU
		{504FE4B2-2D7B-44FF-B331-ACBF35E96DED}.Release|iPhoneSimulator.ActiveCfg = Release|Any CPU
		{504FE4B2-2D7B-44FF-B331-ACBF35E96DED}.Release|iPhoneSimulator.Build.0 = Release|Any CPU
		{504FE4B2-2D7B-44FF-B331-ACBF35E96DED}.Release|iPhoneSimulator.Deploy.0 = Release|Any CPU
		{504FE4B2-2D7B-44FF-B331-ACBF35E96DED}.Release|x64.ActiveCfg = Release|Any CPU
		{504FE4B2-2D7B-44FF-B331-ACBF35E96DED}.Release|x64.Build.0 = Release|Any CPU
		{504FE4B2-2D7B-44FF-B331-ACBF35E96DED}.Release|x64.Deploy.0 = Release|Any CPU
		{504FE4B2-2D7B-44FF-B331-ACBF35E96DED}.Release|x86.ActiveCfg = Release|Any CPU
		{504FE4B2-2D7B-44FF-B331-ACBF35E96DED}.Release|x86.Build.0 = Release|Any CPU
		{504FE4B2-2D7B-44FF-B331-ACBF35E96DED}.Release|x86.Deploy.0 = Release|Any CPU
		{4DB7669E-D7A3-42D1-9829-2D85A38A65FC}.Ad-Hoc|Any CPU.ActiveCfg = Ad-Hoc|iPhone
		{4DB7669E-D7A3-42D1-9829-2D85A38A65FC}.Ad-Hoc|ARM.ActiveCfg = Ad-Hoc|iPhone
		{4DB7669E-D7A3-42D1-9829-2D85A38A65FC}.Ad-Hoc|iPhone.ActiveCfg = Ad-Hoc|iPhone
		{4DB7669E-D7A3-42D1-9829-2D85A38A65FC}.Ad-Hoc|iPhone.Build.0 = Ad-Hoc|iPhone
		{4DB7669E-D7A3-42D1-9829-2D85A38A65FC}.Ad-Hoc|iPhoneSimulator.ActiveCfg = Ad-Hoc|iPhoneSimulator
		{4DB7669E-D7A3-42D1-9829-2D85A38A65FC}.Ad-Hoc|iPhoneSimulator.Build.0 = Ad-Hoc|iPhoneSimulator
		{4DB7669E-D7A3-42D1-9829-2D85A38A65FC}.Ad-Hoc|x64.ActiveCfg = Ad-Hoc|iPhone
		{4DB7669E-D7A3-42D1-9829-2D85A38A65FC}.Ad-Hoc|x86.ActiveCfg = Ad-Hoc|iPhone
		{4DB7669E-D7A3-42D1-9829-2D85A38A65FC}.AppStore|Any CPU.ActiveCfg = AppStore|iPhone
		{4DB7669E-D7A3-42D1-9829-2D85A38A65FC}.AppStore|ARM.ActiveCfg = AppStore|iPhone
		{4DB7669E-D7A3-42D1-9829-2D85A38A65FC}.AppStore|iPhone.ActiveCfg = AppStore|iPhone
		{4DB7669E-D7A3-42D1-9829-2D85A38A65FC}.AppStore|iPhone.Build.0 = AppStore|iPhone
		{4DB7669E-D7A3-42D1-9829-2D85A38A65FC}.AppStore|iPhoneSimulator.ActiveCfg = AppStore|iPhoneSimulator
		{4DB7669E-D7A3-42D1-9829-2D85A38A65FC}.AppStore|iPhoneSimulator.Build.0 = AppStore|iPhoneSimulator
		{4DB7669E-D7A3-42D1-9829-2D85A38A65FC}.AppStore|x64.ActiveCfg = AppStore|iPhone
		{4DB7669E-D7A3-42D1-9829-2D85A38A65FC}.AppStore|x86.ActiveCfg = AppStore|iPhone
		{4DB7669E-D7A3-42D1-9829-2D85A38A65FC}.Debug|Any CPU.ActiveCfg = Debug|iPhone
		{4DB7669E-D7A3-42D1-9829-2D85A38A65FC}.Debug|ARM.ActiveCfg = Debug|iPhone
		{4DB7669E-D7A3-42D1-9829-2D85A38A65FC}.Debug|iPhone.ActiveCfg = Debug|iPhone
		{4DB7669E-D7A3-42D1-9829-2D85A38A65FC}.Debug|iPhone.Build.0 = Debug|iPhone
		{4DB7669E-D7A3-42D1-9829-2D85A38A65FC}.Debug|iPhoneSimulator.ActiveCfg = Debug|iPhoneSimulator
		{4DB7669E-D7A3-42D1-9829-2D85A38A65FC}.Debug|iPhoneSimulator.Build.0 = Debug|iPhoneSimulator
		{4DB7669E-D7A3-42D1-9829-2D85A38A65FC}.Debug|x64.ActiveCfg = Debug|iPhone
		{4DB7669E-D7A3-42D1-9829-2D85A38A65FC}.Debug|x86.ActiveCfg = Debug|iPhone
		{4DB7669E-D7A3-42D1-9829-2D85A38A65FC}.Release|Any CPU.ActiveCfg = Release|iPhone
		{4DB7669E-D7A3-42D1-9829-2D85A38A65FC}.Release|ARM.ActiveCfg = Release|iPhone
		{4DB7669E-D7A3-42D1-9829-2D85A38A65FC}.Release|iPhone.ActiveCfg = Release|iPhone
		{4DB7669E-D7A3-42D1-9829-2D85A38A65FC}.Release|iPhone.Build.0 = Release|iPhone
		{4DB7669E-D7A3-42D1-9829-2D85A38A65FC}.Release|iPhoneSimulator.ActiveCfg = Release|iPhoneSimulator
		{4DB7669E-D7A3-42D1-9829-2D85A38A65FC}.Release|iPhoneSimulator.Build.0 = Release|iPhoneSimulator
		{4DB7669E-D7A3-42D1-9829-2D85A38A65FC}.Release|x64.ActiveCfg = Release|iPhone
		{4DB7669E-D7A3-42D1-9829-2D85A38A65FC}.Release|x86.ActiveCfg = Release|iPhone
		{304E47B0-225B-4E9E-9913-45A3C7645EE0}.Ad-Hoc|Any CPU.ActiveCfg = Release|Any CPU
		{304E47B0-225B-4E9E-9913-45A3C7645EE0}.Ad-Hoc|Any CPU.Build.0 = Release|Any CPU
		{304E47B0-225B-4E9E-9913-45A3C7645EE0}.Ad-Hoc|Any CPU.Deploy.0 = Release|Any CPU
		{304E47B0-225B-4E9E-9913-45A3C7645EE0}.Ad-Hoc|ARM.ActiveCfg = Release|ARM
		{304E47B0-225B-4E9E-9913-45A3C7645EE0}.Ad-Hoc|ARM.Build.0 = Release|ARM
		{304E47B0-225B-4E9E-9913-45A3C7645EE0}.Ad-Hoc|ARM.Deploy.0 = Release|ARM
		{304E47B0-225B-4E9E-9913-45A3C7645EE0}.Ad-Hoc|iPhone.ActiveCfg = Release|Any CPU
		{304E47B0-225B-4E9E-9913-45A3C7645EE0}.Ad-Hoc|iPhone.Build.0 = Release|Any CPU
		{304E47B0-225B-4E9E-9913-45A3C7645EE0}.Ad-Hoc|iPhone.Deploy.0 = Release|Any CPU
		{304E47B0-225B-4E9E-9913-45A3C7645EE0}.Ad-Hoc|iPhoneSimulator.ActiveCfg = Release|Any CPU
		{304E47B0-225B-4E9E-9913-45A3C7645EE0}.Ad-Hoc|iPhoneSimulator.Build.0 = Release|Any CPU
		{304E47B0-225B-4E9E-9913-45A3C7645EE0}.Ad-Hoc|iPhoneSimulator.Deploy.0 = Release|Any CPU
		{304E47B0-225B-4E9E-9913-45A3C7645EE0}.Ad-Hoc|x64.ActiveCfg = Release|Any CPU
		{304E47B0-225B-4E9E-9913-45A3C7645EE0}.Ad-Hoc|x64.Build.0 = Release|Any CPU
		{304E47B0-225B-4E9E-9913-45A3C7645EE0}.Ad-Hoc|x64.Deploy.0 = Release|Any CPU
		{304E47B0-225B-4E9E-9913-45A3C7645EE0}.Ad-Hoc|x86.ActiveCfg = Release|x86
		{304E47B0-225B-4E9E-9913-45A3C7645EE0}.Ad-Hoc|x86.Build.0 = Release|x86
		{304E47B0-225B-4E9E-9913-45A3C7645EE0}.Ad-Hoc|x86.Deploy.0 = Release|x86
		{304E47B0-225B-4E9E-9913-45A3C7645EE0}.AppStore|Any CPU.ActiveCfg = Release|Any CPU
		{304E47B0-225B-4E9E-9913-45A3C7645EE0}.AppStore|Any CPU.Build.0 = Release|Any CPU
		{304E47B0-225B-4E9E-9913-45A3C7645EE0}.AppStore|Any CPU.Deploy.0 = Release|Any CPU
		{304E47B0-225B-4E9E-9913-45A3C7645EE0}.AppStore|ARM.ActiveCfg = Release|ARM
		{304E47B0-225B-4E9E-9913-45A3C7645EE0}.AppStore|ARM.Build.0 = Release|ARM
		{304E47B0-225B-4E9E-9913-45A3C7645EE0}.AppStore|ARM.Deploy.0 = Release|ARM
		{304E47B0-225B-4E9E-9913-45A3C7645EE0}.AppStore|iPhone.ActiveCfg = Release|Any CPU
		{304E47B0-225B-4E9E-9913-45A3C7645EE0}.AppStore|iPhone.Build.0 = Release|Any CPU
		{304E47B0-225B-4E9E-9913-45A3C7645EE0}.AppStore|iPhone.Deploy.0 = Release|Any CPU
		{304E47B0-225B-4E9E-9913-45A3C7645EE0}.AppStore|iPhoneSimulator.ActiveCfg = Release|Any CPU
		{304E47B0-225B-4E9E-9913-45A3C7645EE0}.AppStore|iPhoneSimulator.Build.0 = Release|Any CPU
		{304E47B0-225B-4E9E-9913-45A3C7645EE0}.AppStore|iPhoneSimulator.Deploy.0 = Release|Any CPU
		{304E47B0-225B-4E9E-9913-45A3C7645EE0}.AppStore|x64.ActiveCfg = Release|Any CPU
		{304E47B0-225B-4E9E-9913-45A3C7645EE0}.AppStore|x64.Build.0 = Release|Any CPU
		{304E47B0-225B-4E9E-9913-45A3C7645EE0}.AppStore|x64.Deploy.0 = Release|Any CPU
		{304E47B0-225B-4E9E-9913-45A3C7645EE0}.AppStore|x86.ActiveCfg = Release|x86
		{304E47B0-225B-4E9E-9913-45A3C7645EE0}.AppStore|x86.Build.0 = Release|x86
		{304E47B0-225B-4E9E-9913-45A3C7645EE0}.AppStore|x86.Deploy.0 = Release|x86
		{304E47B0-225B-4E9E-9913-45A3C7645EE0}.Debug|Any CPU.ActiveCfg = Debug|Any CPU
		{304E47B0-225B-4E9E-9913-45A3C7645EE0}.Debug|Any CPU.Build.0 = Debug|Any CPU
		{304E47B0-225B-4E9E-9913-45A3C7645EE0}.Debug|Any CPU.Deploy.0 = Debug|Any CPU
		{304E47B0-225B-4E9E-9913-45A3C7645EE0}.Debug|ARM.ActiveCfg = Debug|ARM
		{304E47B0-225B-4E9E-9913-45A3C7645EE0}.Debug|ARM.Build.0 = Debug|ARM
		{304E47B0-225B-4E9E-9913-45A3C7645EE0}.Debug|ARM.Deploy.0 = Debug|ARM
		{304E47B0-225B-4E9E-9913-45A3C7645EE0}.Debug|iPhone.ActiveCfg = Debug|Any CPU
		{304E47B0-225B-4E9E-9913-45A3C7645EE0}.Debug|iPhone.Build.0 = Debug|Any CPU
		{304E47B0-225B-4E9E-9913-45A3C7645EE0}.Debug|iPhone.Deploy.0 = Debug|Any CPU
		{304E47B0-225B-4E9E-9913-45A3C7645EE0}.Debug|iPhoneSimulator.ActiveCfg = Debug|Any CPU
		{304E47B0-225B-4E9E-9913-45A3C7645EE0}.Debug|iPhoneSimulator.Build.0 = Debug|Any CPU
		{304E47B0-225B-4E9E-9913-45A3C7645EE0}.Debug|iPhoneSimulator.Deploy.0 = Debug|Any CPU
		{304E47B0-225B-4E9E-9913-45A3C7645EE0}.Debug|x64.ActiveCfg = Debug|Any CPU
		{304E47B0-225B-4E9E-9913-45A3C7645EE0}.Debug|x64.Build.0 = Debug|Any CPU
		{304E47B0-225B-4E9E-9913-45A3C7645EE0}.Debug|x64.Deploy.0 = Debug|Any CPU
		{304E47B0-225B-4E9E-9913-45A3C7645EE0}.Debug|x86.ActiveCfg = Debug|x86
		{304E47B0-225B-4E9E-9913-45A3C7645EE0}.Debug|x86.Build.0 = Debug|x86
		{304E47B0-225B-4E9E-9913-45A3C7645EE0}.Debug|x86.Deploy.0 = Debug|x86
		{304E47B0-225B-4E9E-9913-45A3C7645EE0}.Release|Any CPU.ActiveCfg = Release|Any CPU
		{304E47B0-225B-4E9E-9913-45A3C7645EE0}.Release|Any CPU.Build.0 = Release|Any CPU
		{304E47B0-225B-4E9E-9913-45A3C7645EE0}.Release|Any CPU.Deploy.0 = Release|Any CPU
		{304E47B0-225B-4E9E-9913-45A3C7645EE0}.Release|ARM.ActiveCfg = Release|ARM
		{304E47B0-225B-4E9E-9913-45A3C7645EE0}.Release|ARM.Build.0 = Release|ARM
		{304E47B0-225B-4E9E-9913-45A3C7645EE0}.Release|ARM.Deploy.0 = Release|ARM
		{304E47B0-225B-4E9E-9913-45A3C7645EE0}.Release|iPhone.ActiveCfg = Release|Any CPU
		{304E47B0-225B-4E9E-9913-45A3C7645EE0}.Release|iPhone.Build.0 = Release|Any CPU
		{304E47B0-225B-4E9E-9913-45A3C7645EE0}.Release|iPhone.Deploy.0 = Release|Any CPU
		{304E47B0-225B-4E9E-9913-45A3C7645EE0}.Release|iPhoneSimulator.ActiveCfg = Release|Any CPU
		{304E47B0-225B-4E9E-9913-45A3C7645EE0}.Release|iPhoneSimulator.Build.0 = Release|Any CPU
		{304E47B0-225B-4E9E-9913-45A3C7645EE0}.Release|iPhoneSimulator.Deploy.0 = Release|Any CPU
		{304E47B0-225B-4E9E-9913-45A3C7645EE0}.Release|x64.ActiveCfg = Release|Any CPU
		{304E47B0-225B-4E9E-9913-45A3C7645EE0}.Release|x64.Build.0 = Release|Any CPU
		{304E47B0-225B-4E9E-9913-45A3C7645EE0}.Release|x64.Deploy.0 = Release|Any CPU
		{304E47B0-225B-4E9E-9913-45A3C7645EE0}.Release|x86.ActiveCfg = Release|x86
		{304E47B0-225B-4E9E-9913-45A3C7645EE0}.Release|x86.Build.0 = Release|x86
		{304E47B0-225B-4E9E-9913-45A3C7645EE0}.Release|x86.Deploy.0 = Release|x86
		{052D8891-D6C6-4333-B8A1-C73B93936B33}.Ad-Hoc|Any CPU.ActiveCfg = Release|x86
		{052D8891-D6C6-4333-B8A1-C73B93936B33}.Ad-Hoc|Any CPU.Build.0 = Release|x86
		{052D8891-D6C6-4333-B8A1-C73B93936B33}.Ad-Hoc|Any CPU.Deploy.0 = Release|x86
		{052D8891-D6C6-4333-B8A1-C73B93936B33}.Ad-Hoc|ARM.ActiveCfg = Release|ARM
		{052D8891-D6C6-4333-B8A1-C73B93936B33}.Ad-Hoc|ARM.Build.0 = Release|ARM
		{052D8891-D6C6-4333-B8A1-C73B93936B33}.Ad-Hoc|ARM.Deploy.0 = Release|ARM
		{052D8891-D6C6-4333-B8A1-C73B93936B33}.Ad-Hoc|iPhone.ActiveCfg = Release|x86
		{052D8891-D6C6-4333-B8A1-C73B93936B33}.Ad-Hoc|iPhone.Build.0 = Release|x86
		{052D8891-D6C6-4333-B8A1-C73B93936B33}.Ad-Hoc|iPhone.Deploy.0 = Release|x86
		{052D8891-D6C6-4333-B8A1-C73B93936B33}.Ad-Hoc|iPhoneSimulator.ActiveCfg = Release|x86
		{052D8891-D6C6-4333-B8A1-C73B93936B33}.Ad-Hoc|iPhoneSimulator.Build.0 = Release|x86
		{052D8891-D6C6-4333-B8A1-C73B93936B33}.Ad-Hoc|iPhoneSimulator.Deploy.0 = Release|x86
		{052D8891-D6C6-4333-B8A1-C73B93936B33}.Ad-Hoc|x64.ActiveCfg = Release|x64
		{052D8891-D6C6-4333-B8A1-C73B93936B33}.Ad-Hoc|x64.Build.0 = Release|x64
		{052D8891-D6C6-4333-B8A1-C73B93936B33}.Ad-Hoc|x64.Deploy.0 = Release|x64
		{052D8891-D6C6-4333-B8A1-C73B93936B33}.Ad-Hoc|x86.ActiveCfg = Release|x86
		{052D8891-D6C6-4333-B8A1-C73B93936B33}.Ad-Hoc|x86.Build.0 = Release|x86
		{052D8891-D6C6-4333-B8A1-C73B93936B33}.Ad-Hoc|x86.Deploy.0 = Release|x86
		{052D8891-D6C6-4333-B8A1-C73B93936B33}.AppStore|Any CPU.ActiveCfg = Release|x86
		{052D8891-D6C6-4333-B8A1-C73B93936B33}.AppStore|Any CPU.Build.0 = Release|x86
		{052D8891-D6C6-4333-B8A1-C73B93936B33}.AppStore|Any CPU.Deploy.0 = Release|x86
		{052D8891-D6C6-4333-B8A1-C73B93936B33}.AppStore|ARM.ActiveCfg = Release|ARM
		{052D8891-D6C6-4333-B8A1-C73B93936B33}.AppStore|ARM.Build.0 = Release|ARM
		{052D8891-D6C6-4333-B8A1-C73B93936B33}.AppStore|ARM.Deploy.0 = Release|ARM
		{052D8891-D6C6-4333-B8A1-C73B93936B33}.AppStore|iPhone.ActiveCfg = Release|x86
		{052D8891-D6C6-4333-B8A1-C73B93936B33}.AppStore|iPhone.Build.0 = Release|x86
		{052D8891-D6C6-4333-B8A1-C73B93936B33}.AppStore|iPhone.Deploy.0 = Release|x86
		{052D8891-D6C6-4333-B8A1-C73B93936B33}.AppStore|iPhoneSimulator.ActiveCfg = Release|x86
		{052D8891-D6C6-4333-B8A1-C73B93936B33}.AppStore|iPhoneSimulator.Build.0 = Release|x86
		{052D8891-D6C6-4333-B8A1-C73B93936B33}.AppStore|iPhoneSimulator.Deploy.0 = Release|x86
		{052D8891-D6C6-4333-B8A1-C73B93936B33}.AppStore|x64.ActiveCfg = Release|x64
		{052D8891-D6C6-4333-B8A1-C73B93936B33}.AppStore|x64.Build.0 = Release|x64
		{052D8891-D6C6-4333-B8A1-C73B93936B33}.AppStore|x64.Deploy.0 = Release|x64
		{052D8891-D6C6-4333-B8A1-C73B93936B33}.AppStore|x86.ActiveCfg = Release|x86
		{052D8891-D6C6-4333-B8A1-C73B93936B33}.AppStore|x86.Build.0 = Release|x86
		{052D8891-D6C6-4333-B8A1-C73B93936B33}.AppStore|x86.Deploy.0 = Release|x86
		{052D8891-D6C6-4333-B8A1-C73B93936B33}.Debug|Any CPU.ActiveCfg = Debug|x86
		{052D8891-D6C6-4333-B8A1-C73B93936B33}.Debug|ARM.ActiveCfg = Debug|ARM
		{052D8891-D6C6-4333-B8A1-C73B93936B33}.Debug|ARM.Build.0 = Debug|ARM
		{052D8891-D6C6-4333-B8A1-C73B93936B33}.Debug|ARM.Deploy.0 = Debug|ARM
		{052D8891-D6C6-4333-B8A1-C73B93936B33}.Debug|iPhone.ActiveCfg = Debug|x86
		{052D8891-D6C6-4333-B8A1-C73B93936B33}.Debug|iPhoneSimulator.ActiveCfg = Debug|x86
		{052D8891-D6C6-4333-B8A1-C73B93936B33}.Debug|x64.ActiveCfg = Debug|x64
		{052D8891-D6C6-4333-B8A1-C73B93936B33}.Debug|x64.Build.0 = Debug|x64
		{052D8891-D6C6-4333-B8A1-C73B93936B33}.Debug|x64.Deploy.0 = Debug|x64
		{052D8891-D6C6-4333-B8A1-C73B93936B33}.Debug|x86.ActiveCfg = Debug|x86
		{052D8891-D6C6-4333-B8A1-C73B93936B33}.Debug|x86.Build.0 = Debug|x86
		{052D8891-D6C6-4333-B8A1-C73B93936B33}.Debug|x86.Deploy.0 = Debug|x86
		{052D8891-D6C6-4333-B8A1-C73B93936B33}.Release|Any CPU.ActiveCfg = Release|x86
		{052D8891-D6C6-4333-B8A1-C73B93936B33}.Release|ARM.ActiveCfg = Release|ARM
		{052D8891-D6C6-4333-B8A1-C73B93936B33}.Release|ARM.Build.0 = Release|ARM
		{052D8891-D6C6-4333-B8A1-C73B93936B33}.Release|ARM.Deploy.0 = Release|ARM
		{052D8891-D6C6-4333-B8A1-C73B93936B33}.Release|iPhone.ActiveCfg = Release|x86
		{052D8891-D6C6-4333-B8A1-C73B93936B33}.Release|iPhoneSimulator.ActiveCfg = Release|x86
		{052D8891-D6C6-4333-B8A1-C73B93936B33}.Release|x64.ActiveCfg = Release|x64
		{052D8891-D6C6-4333-B8A1-C73B93936B33}.Release|x64.Build.0 = Release|x64
		{052D8891-D6C6-4333-B8A1-C73B93936B33}.Release|x64.Deploy.0 = Release|x64
		{052D8891-D6C6-4333-B8A1-C73B93936B33}.Release|x86.ActiveCfg = Release|x86
		{052D8891-D6C6-4333-B8A1-C73B93936B33}.Release|x86.Build.0 = Release|x86
		{052D8891-D6C6-4333-B8A1-C73B93936B33}.Release|x86.Deploy.0 = Release|x86
		{DA4963DF-A599-47E8-BEDC-374D702E6CF8}.Ad-Hoc|Any CPU.ActiveCfg = Release|Any CPU
		{DA4963DF-A599-47E8-BEDC-374D702E6CF8}.Ad-Hoc|Any CPU.Build.0 = Release|Any CPU
		{DA4963DF-A599-47E8-BEDC-374D702E6CF8}.Ad-Hoc|Any CPU.Deploy.0 = Release|Any CPU
		{DA4963DF-A599-47E8-BEDC-374D702E6CF8}.Ad-Hoc|ARM.ActiveCfg = Release|ARM
		{DA4963DF-A599-47E8-BEDC-374D702E6CF8}.Ad-Hoc|ARM.Build.0 = Release|ARM
		{DA4963DF-A599-47E8-BEDC-374D702E6CF8}.Ad-Hoc|ARM.Deploy.0 = Release|ARM
		{DA4963DF-A599-47E8-BEDC-374D702E6CF8}.Ad-Hoc|iPhone.ActiveCfg = Release|Any CPU
		{DA4963DF-A599-47E8-BEDC-374D702E6CF8}.Ad-Hoc|iPhone.Build.0 = Release|Any CPU
		{DA4963DF-A599-47E8-BEDC-374D702E6CF8}.Ad-Hoc|iPhone.Deploy.0 = Release|Any CPU
		{DA4963DF-A599-47E8-BEDC-374D702E6CF8}.Ad-Hoc|iPhoneSimulator.ActiveCfg = Release|Any CPU
		{DA4963DF-A599-47E8-BEDC-374D702E6CF8}.Ad-Hoc|iPhoneSimulator.Build.0 = Release|Any CPU
		{DA4963DF-A599-47E8-BEDC-374D702E6CF8}.Ad-Hoc|iPhoneSimulator.Deploy.0 = Release|Any CPU
		{DA4963DF-A599-47E8-BEDC-374D702E6CF8}.Ad-Hoc|x64.ActiveCfg = Release|x64
		{DA4963DF-A599-47E8-BEDC-374D702E6CF8}.Ad-Hoc|x64.Build.0 = Release|x64
		{DA4963DF-A599-47E8-BEDC-374D702E6CF8}.Ad-Hoc|x64.Deploy.0 = Release|x64
		{DA4963DF-A599-47E8-BEDC-374D702E6CF8}.Ad-Hoc|x86.ActiveCfg = Release|x86
		{DA4963DF-A599-47E8-BEDC-374D702E6CF8}.Ad-Hoc|x86.Build.0 = Release|x86
		{DA4963DF-A599-47E8-BEDC-374D702E6CF8}.Ad-Hoc|x86.Deploy.0 = Release|x86
		{DA4963DF-A599-47E8-BEDC-374D702E6CF8}.AppStore|Any CPU.ActiveCfg = Release|Any CPU
		{DA4963DF-A599-47E8-BEDC-374D702E6CF8}.AppStore|Any CPU.Build.0 = Release|Any CPU
		{DA4963DF-A599-47E8-BEDC-374D702E6CF8}.AppStore|Any CPU.Deploy.0 = Release|Any CPU
		{DA4963DF-A599-47E8-BEDC-374D702E6CF8}.AppStore|ARM.ActiveCfg = Release|ARM
		{DA4963DF-A599-47E8-BEDC-374D702E6CF8}.AppStore|ARM.Build.0 = Release|ARM
		{DA4963DF-A599-47E8-BEDC-374D702E6CF8}.AppStore|ARM.Deploy.0 = Release|ARM
		{DA4963DF-A599-47E8-BEDC-374D702E6CF8}.AppStore|iPhone.ActiveCfg = Release|Any CPU
		{DA4963DF-A599-47E8-BEDC-374D702E6CF8}.AppStore|iPhone.Build.0 = Release|Any CPU
		{DA4963DF-A599-47E8-BEDC-374D702E6CF8}.AppStore|iPhone.Deploy.0 = Release|Any CPU
		{DA4963DF-A599-47E8-BEDC-374D702E6CF8}.AppStore|iPhoneSimulator.ActiveCfg = Release|Any CPU
		{DA4963DF-A599-47E8-BEDC-374D702E6CF8}.AppStore|iPhoneSimulator.Build.0 = Release|Any CPU
		{DA4963DF-A599-47E8-BEDC-374D702E6CF8}.AppStore|iPhoneSimulator.Deploy.0 = Release|Any CPU
		{DA4963DF-A599-47E8-BEDC-374D702E6CF8}.AppStore|x64.ActiveCfg = Release|x64
		{DA4963DF-A599-47E8-BEDC-374D702E6CF8}.AppStore|x64.Build.0 = Release|x64
		{DA4963DF-A599-47E8-BEDC-374D702E6CF8}.AppStore|x64.Deploy.0 = Release|x64
		{DA4963DF-A599-47E8-BEDC-374D702E6CF8}.AppStore|x86.ActiveCfg = Release|x86
		{DA4963DF-A599-47E8-BEDC-374D702E6CF8}.AppStore|x86.Build.0 = Release|x86
		{DA4963DF-A599-47E8-BEDC-374D702E6CF8}.AppStore|x86.Deploy.0 = Release|x86
		{DA4963DF-A599-47E8-BEDC-374D702E6CF8}.Debug|Any CPU.ActiveCfg = Debug|Any CPU
		{DA4963DF-A599-47E8-BEDC-374D702E6CF8}.Debug|Any CPU.Build.0 = Debug|Any CPU
		{DA4963DF-A599-47E8-BEDC-374D702E6CF8}.Debug|Any CPU.Deploy.0 = Debug|Any CPU
		{DA4963DF-A599-47E8-BEDC-374D702E6CF8}.Debug|ARM.ActiveCfg = Debug|ARM
		{DA4963DF-A599-47E8-BEDC-374D702E6CF8}.Debug|ARM.Build.0 = Debug|ARM
		{DA4963DF-A599-47E8-BEDC-374D702E6CF8}.Debug|ARM.Deploy.0 = Debug|ARM
		{DA4963DF-A599-47E8-BEDC-374D702E6CF8}.Debug|iPhone.ActiveCfg = Debug|Any CPU
		{DA4963DF-A599-47E8-BEDC-374D702E6CF8}.Debug|iPhone.Build.0 = Debug|Any CPU
		{DA4963DF-A599-47E8-BEDC-374D702E6CF8}.Debug|iPhone.Deploy.0 = Debug|Any CPU
		{DA4963DF-A599-47E8-BEDC-374D702E6CF8}.Debug|iPhoneSimulator.ActiveCfg = Debug|Any CPU
		{DA4963DF-A599-47E8-BEDC-374D702E6CF8}.Debug|iPhoneSimulator.Build.0 = Debug|Any CPU
		{DA4963DF-A599-47E8-BEDC-374D702E6CF8}.Debug|iPhoneSimulator.Deploy.0 = Debug|Any CPU
		{DA4963DF-A599-47E8-BEDC-374D702E6CF8}.Debug|x64.ActiveCfg = Debug|x64
		{DA4963DF-A599-47E8-BEDC-374D702E6CF8}.Debug|x64.Build.0 = Debug|x64
		{DA4963DF-A599-47E8-BEDC-374D702E6CF8}.Debug|x64.Deploy.0 = Debug|x64
		{DA4963DF-A599-47E8-BEDC-374D702E6CF8}.Debug|x86.ActiveCfg = Debug|x86
		{DA4963DF-A599-47E8-BEDC-374D702E6CF8}.Debug|x86.Build.0 = Debug|x86
		{DA4963DF-A599-47E8-BEDC-374D702E6CF8}.Debug|x86.Deploy.0 = Debug|x86
		{DA4963DF-A599-47E8-BEDC-374D702E6CF8}.Release|Any CPU.ActiveCfg = Release|Any CPU
		{DA4963DF-A599-47E8-BEDC-374D702E6CF8}.Release|Any CPU.Build.0 = Release|Any CPU
		{DA4963DF-A599-47E8-BEDC-374D702E6CF8}.Release|Any CPU.Deploy.0 = Release|Any CPU
		{DA4963DF-A599-47E8-BEDC-374D702E6CF8}.Release|ARM.ActiveCfg = Release|ARM
		{DA4963DF-A599-47E8-BEDC-374D702E6CF8}.Release|ARM.Build.0 = Release|ARM
		{DA4963DF-A599-47E8-BEDC-374D702E6CF8}.Release|ARM.Deploy.0 = Release|ARM
		{DA4963DF-A599-47E8-BEDC-374D702E6CF8}.Release|iPhone.ActiveCfg = Release|Any CPU
		{DA4963DF-A599-47E8-BEDC-374D702E6CF8}.Release|iPhone.Build.0 = Release|Any CPU
		{DA4963DF-A599-47E8-BEDC-374D702E6CF8}.Release|iPhone.Deploy.0 = Release|Any CPU
		{DA4963DF-A599-47E8-BEDC-374D702E6CF8}.Release|iPhoneSimulator.ActiveCfg = Release|Any CPU
		{DA4963DF-A599-47E8-BEDC-374D702E6CF8}.Release|iPhoneSimulator.Build.0 = Release|Any CPU
		{DA4963DF-A599-47E8-BEDC-374D702E6CF8}.Release|iPhoneSimulator.Deploy.0 = Release|Any CPU
		{DA4963DF-A599-47E8-BEDC-374D702E6CF8}.Release|x64.ActiveCfg = Release|x64
		{DA4963DF-A599-47E8-BEDC-374D702E6CF8}.Release|x64.Build.0 = Release|x64
		{DA4963DF-A599-47E8-BEDC-374D702E6CF8}.Release|x64.Deploy.0 = Release|x64
		{DA4963DF-A599-47E8-BEDC-374D702E6CF8}.Release|x86.ActiveCfg = Release|x86
		{DA4963DF-A599-47E8-BEDC-374D702E6CF8}.Release|x86.Build.0 = Release|x86
		{DA4963DF-A599-47E8-BEDC-374D702E6CF8}.Release|x86.Deploy.0 = Release|x86
	EndGlobalSection
	GlobalSection(SolutionProperties) = preSolution
		HideSolutionNode = FALSE
	EndGlobalSection
EndGlobal
